
Microsoft Visual Studio Solution File, Format Version 12.00
# Visual Studio Version 16
VisualStudioVersion = 16.0.30717.126
MinimumVisualStudioVersion = 10.0.40219.1
Project("{FAE04EC0-301F-11D3-BF4B-00C04F79EFBC}") = "DevicesShop", "GadgetsShop\DevicesShop.csproj", "{AC266763-7319-4409-A8E6-0FB5BF5D9731}"
EndProject
Global
	GlobalSection(SolutionConfigurationPlatforms) = preSolution
		Debug|Any CPU = Debug|Any CPU
		Release|Any CPU = Release|Any CPU
	EndGlobalSection
	GlobalSection(ProjectConfigurationPlatforms) = postSolution
		{AC266763-7319-4409-A8E6-0FB5BF5D9731}.Debug|Any CPU.ActiveCfg = Debug|Any CPU
		{AC266763-7319-4409-A8E6-0FB5BF5D9731}.Debug|Any CPU.Build.0 = Debug|Any CPU
		{AC266763-7319-4409-A8E6-0FB5BF5D9731}.Release|Any CPU.ActiveCfg = Release|Any CPU
		{AC266763-7319-4409-A8E6-0FB5BF5D9731}.Release|Any CPU.Build.0 = Release|Any CPU
	EndGlobalSection
	GlobalSection(SolutionProperties) = preSolution
		HideSolutionNode = FALSE
	EndGlobalSection
	GlobalSection(ExtensibilityGlobals) = postSolution
		SolutionGuid = {0EAE16E5-DF60-4959-8074-88D981CAA840}
	EndGlobalSection
EndGlobal
